
Microsoft Visual Studio Solution File, Format Version 12.00
# Visual Studio Version 17
VisualStudioVersion = 17.5.002.0
MinimumVisualStudioVersion = 10.0.40219.1
Project("{9A19103F-16F7-4668-BE54-9A1E7A4F7556}") = "tl1-proyectofinal2024-JavierRodriguez3", "tl1-proyectofinal2024-JavierRodriguez3.csproj", "{40AA64C2-E625-4F6B-A60B-8B2798B41408}"
EndProject
Global
	GlobalSection(SolutionConfigurationPlatforms) = preSolution
		Debug|Any CPU = Debug|Any CPU
		Release|Any CPU = Release|Any CPU
	EndGlobalSection
	GlobalSection(ProjectConfigurationPlatforms) = postSolution
		{40AA64C2-E625-4F6B-A60B-8B2798B41408}.Debug|Any CPU.ActiveCfg = Debug|Any CPU
		{40AA64C2-E625-4F6B-A60B-8B2798B41408}.Debug|Any CPU.Build.0 = Debug|Any CPU
		{40AA64C2-E625-4F6B-A60B-8B2798B41408}.Release|Any CPU.ActiveCfg = Release|Any CPU
		{40AA64C2-E625-4F6B-A60B-8B2798B41408}.Release|Any CPU.Build.0 = Release|Any CPU
	EndGlobalSection
	GlobalSection(SolutionProperties) = preSolution
		HideSolutionNode = FALSE
	EndGlobalSection
	GlobalSection(ExtensibilityGlobals) = postSolution
		SolutionGuid = {F35B7EB9-F69D-44E6-8050-9FB8E48D2414}
	EndGlobalSection
EndGlobal
